
Microsoft Visual Studio Solution File, Format Version 11.00
# Visual Studio 2010
Project("{FAE04EC0-301F-11D3-BF4B-00C04F79EFBC}") = "Software - USocketNet", "Assembly-CSharp.csproj", "{BFA50115-5D89-AAE1-4F28-122185921482}"
EndProject
Project("{FAE04EC0-301F-11D3-BF4B-00C04F79EFBC}") = "Software - USocketNet", "Assembly-CSharp-Editor.csproj", "{7A04D124-1E58-EDCA-2857-5A45086C1907}"
EndProject
Global
	GlobalSection(SolutionConfigurationPlatforms) = preSolution
		Debug|Any CPU = Debug|Any CPU
		Release|Any CPU = Release|Any CPU
	EndGlobalSection
	GlobalSection(ProjectConfigurationPlatforms) = postSolution
		{BFA50115-5D89-AAE1-4F28-122185921482}.Debug|Any CPU.ActiveCfg = Debug|Any CPU
		{BFA50115-5D89-AAE1-4F28-122185921482}.Debug|Any CPU.Build.0 = Debug|Any CPU
		{BFA50115-5D89-AAE1-4F28-122185921482}.Release|Any CPU.ActiveCfg = Release|Any CPU
		{BFA50115-5D89-AAE1-4F28-122185921482}.Release|Any CPU.Build.0 = Release|Any CPU
		{7A04D124-1E58-EDCA-2857-5A45086C1907}.Debug|Any CPU.ActiveCfg = Debug|Any CPU
		{7A04D124-1E58-EDCA-2857-5A45086C1907}.Debug|Any CPU.Build.0 = Debug|Any CPU
		{7A04D124-1E58-EDCA-2857-5A45086C1907}.Release|Any CPU.ActiveCfg = Release|Any CPU
		{7A04D124-1E58-EDCA-2857-5A45086C1907}.Release|Any CPU.Build.0 = Release|Any CPU
	EndGlobalSection
	GlobalSection(SolutionProperties) = preSolution
		HideSolutionNode = FALSE
	EndGlobalSection
	GlobalSection(MonoDevelopProperties) = preSolution
		StartupItem = Assembly-CSharp.csproj
	EndGlobalSection
EndGlobal
