
Microsoft Visual Studio Solution File, Format Version 12.00
# Visual Studio 15
VisualStudioVersion = 15.0.27130.2036
MinimumVisualStudioVersion = 10.0.40219.1
Project("{FAE04EC0-301F-11D3-BF4B-00C04F79EFBC}") = "USocketEditor", "USocketEditor\USocketEditor.csproj", "{34F71296-8BEC-49FD-8492-C3FFBF128429}"
EndProject
Project("{FAE04EC0-301F-11D3-BF4B-00C04F79EFBC}") = "USocketCore", "USocketCore\USocketCore.csproj", "{B48E094F-5692-40E6-B819-DFC601BBA080}"
EndProject
Global
	GlobalSection(SolutionConfigurationPlatforms) = preSolution
		Debug|Any CPU = Debug|Any CPU
		Release|Any CPU = Release|Any CPU
	EndGlobalSection
	GlobalSection(ProjectConfigurationPlatforms) = postSolution
		{34F71296-8BEC-49FD-8492-C3FFBF128429}.Debug|Any CPU.ActiveCfg = Debug|Any CPU
		{34F71296-8BEC-49FD-8492-C3FFBF128429}.Debug|Any CPU.Build.0 = Debug|Any CPU
		{34F71296-8BEC-49FD-8492-C3FFBF128429}.Release|Any CPU.ActiveCfg = Release|Any CPU
		{34F71296-8BEC-49FD-8492-C3FFBF128429}.Release|Any CPU.Build.0 = Release|Any CPU
		{B48E094F-5692-40E6-B819-DFC601BBA080}.Debug|Any CPU.ActiveCfg = Debug|Any CPU
		{B48E094F-5692-40E6-B819-DFC601BBA080}.Debug|Any CPU.Build.0 = Debug|Any CPU
		{B48E094F-5692-40E6-B819-DFC601BBA080}.Release|Any CPU.ActiveCfg = Release|Any CPU
		{B48E094F-5692-40E6-B819-DFC601BBA080}.Release|Any CPU.Build.0 = Release|Any CPU
	EndGlobalSection
	GlobalSection(SolutionProperties) = preSolution
		HideSolutionNode = FALSE
	EndGlobalSection
	GlobalSection(ExtensibilityGlobals) = postSolution
		SolutionGuid = {1835A80F-E4BC-4669-9569-E3F70DC1BBDD}
	EndGlobalSection
EndGlobal
